
Microsoft Visual Studio Solution File, Format Version 12.00
# Visual Studio 15
VisualStudioVersion = 15.0.28010.2036
MinimumVisualStudioVersion = 10.0.40219.1
Project("{9A19103F-16F7-4668-BE54-9A1E7A4F7556}") = "PalletPacker", "src\PalletPacker\PalletPacker.csproj", "{DC8059E5-928C-40DC-9232-798FEBD2890B}"
EndProject
Project("{9A19103F-16F7-4668-BE54-9A1E7A4F7556}") = "PalletPackerTests", "test\PalletPackerTests\PalletPackerTests.csproj", "{23CB841F-CE52-4AD0-B840-3B20BAAD526D}"
EndProject
Global
	GlobalSection(SolutionConfigurationPlatforms) = preSolution
		Debug|Any CPU = Debug|Any CPU
		Release|Any CPU = Release|Any CPU
	EndGlobalSection
	GlobalSection(ProjectConfigurationPlatforms) = postSolution
		{DC8059E5-928C-40DC-9232-798FEBD2890B}.Debug|Any CPU.ActiveCfg = Debug|Any CPU
		{DC8059E5-928C-40DC-9232-798FEBD2890B}.Debug|Any CPU.Build.0 = Debug|Any CPU
		{DC8059E5-928C-40DC-9232-798FEBD2890B}.Release|Any CPU.ActiveCfg = Release|Any CPU
		{DC8059E5-928C-40DC-9232-798FEBD2890B}.Release|Any CPU.Build.0 = Release|Any CPU
		{23CB841F-CE52-4AD0-B840-3B20BAAD526D}.Debug|Any CPU.ActiveCfg = Debug|Any CPU
		{23CB841F-CE52-4AD0-B840-3B20BAAD526D}.Debug|Any CPU.Build.0 = Debug|Any CPU
		{23CB841F-CE52-4AD0-B840-3B20BAAD526D}.Release|Any CPU.ActiveCfg = Release|Any CPU
		{23CB841F-CE52-4AD0-B840-3B20BAAD526D}.Release|Any CPU.Build.0 = Release|Any CPU
		{B5B8FB2E-D2D2-4B6E-820B-DA532B664CB3}.Debug|Any CPU.ActiveCfg = Debug|Any CPU
		{B5B8FB2E-D2D2-4B6E-820B-DA532B664CB3}.Debug|Any CPU.Build.0 = Debug|Any CPU
		{B5B8FB2E-D2D2-4B6E-820B-DA532B664CB3}.Release|Any CPU.ActiveCfg = Release|Any CPU
		{B5B8FB2E-D2D2-4B6E-820B-DA532B664CB3}.Release|Any CPU.Build.0 = Release|Any CPU
		{BB9B3F71-B963-4349-9C07-19B9432A3E89}.Debug|Any CPU.ActiveCfg = Debug|Any CPU
		{BB9B3F71-B963-4349-9C07-19B9432A3E89}.Debug|Any CPU.Build.0 = Debug|Any CPU
		{BB9B3F71-B963-4349-9C07-19B9432A3E89}.Release|Any CPU.ActiveCfg = Release|Any CPU
		{BB9B3F71-B963-4349-9C07-19B9432A3E89}.Release|Any CPU.Build.0 = Release|Any CPU
		{87FC5B92-2516-418C-A2D0-5B2D3F0287D7}.Debug|Any CPU.ActiveCfg = Debug|Any CPU
		{87FC5B92-2516-418C-A2D0-5B2D3F0287D7}.Debug|Any CPU.Build.0 = Debug|Any CPU
		{87FC5B92-2516-418C-A2D0-5B2D3F0287D7}.Release|Any CPU.ActiveCfg = Release|Any CPU
		{87FC5B92-2516-418C-A2D0-5B2D3F0287D7}.Release|Any CPU.Build.0 = Release|Any CPU
	EndGlobalSection
	GlobalSection(SolutionProperties) = preSolution
		HideSolutionNode = FALSE
	EndGlobalSection
	GlobalSection(NestedProjects) = preSolution
		{23CB841F-CE52-4AD0-B840-3B20BAAD526D} = {769D5629-CB6D-45AB-90F4-04721BDD0B98}
		{87FC5B92-2516-418C-A2D0-5B2D3F0287D7} = {769D5629-CB6D-45AB-90F4-04721BDD0B98}
	EndGlobalSection
	GlobalSection(ExtensibilityGlobals) = postSolution
		SolutionGuid = {0A14BE7D-D966-49D6-8E07-538AAC14CACF}
	EndGlobalSection
EndGlobal
